Microsoft Visual Studio Solution File, Format Version 12.00
# Visual Studio Version 17
VisualStudioVersion = 17.5.2.0
MinimumVisualStudioVersion = 10.0.40219.1
Project("{FAE04EC0-301F-11D3-BF4B-00C04F79EFBC}") = "TrabalhoAPI", "TrabalhoAPI.csproj", "{EEBBABD9-F4EC-2406-C86C-124958735A65}"
EndProject
Global
	GlobalSection(SolutionConfigurationPlatforms) = preSolution
		Debug|Any CPU = Debug|Any CPU
		Release|Any CPU = Release|Any CPU
	EndGlobalSection
	GlobalSection(ProjectConfigurationPlatforms) = postSolution
		{EEBBABD9-F4EC-2406-C86C-124958735A65}.Debug|Any CPU.ActiveCfg = Debug|Any CPU
		{EEBBABD9-F4EC-2406-C86C-124958735A65}.Debug|Any CPU.Build.0 = Debug|Any CPU
		{EEBBABD9-F4EC-2406-C86C-124958735A65}.Release|Any CPU.ActiveCfg = Release|Any CPU
		{EEBBABD9-F4EC-2406-C86C-124958735A65}.Release|Any CPU.Build.0 = Release|Any CPU
	EndGlobalSection
	GlobalSection(SolutionProperties) = preSolution
		HideSolutionNode = FALSE
	EndGlobalSection
	GlobalSection(ExtensibilityGlobals) = postSolution
		SolutionGuid = {13423AE6-45FB-4002-B363-21382B8942D4}
	EndGlobalSection
EndGlobal
